// !$*UTF8*$!
{
	archiveVersion = 1;
	classes = {
	};
	objectVersion = 45;
	objects = {

/* Begin PBXBuildFile section */
		1D3623260D0F684500981E51 /* ChimpKitAppDelegate.m in Sources */ = {isa = PBXBuildFile; fileRef = 1D3623250D0F684500981E51 /* ChimpKitAppDelegate.m */; };
		1D60589B0D05DD56006BFB54 /* main.m in Sources */ = {isa = PBXBuildFile; fileRef = 29B97316FDCFA39411CA2CEA /* main.m */; };
		1D60589F0D05DD5A006BFB54 /* Foundation.framework in Frameworks */ = {isa = PBXBuildFile; fileRef = 1D30AB110D05D00D00671497 /* Foundation.framework */; };
		1DF5F4E00D08C38300B7A737 /* UIKit.framework in Frameworks */ = {isa = PBXBuildFile; fileRef = 1DF5F4DF0D08C38300B7A737 /* UIKit.framework */; };
		288765FD0DF74451002DB57D /* CoreGraphics.framework in Frameworks */ = {isa = PBXBuildFile; fileRef = 288765FC0DF74451002DB57D /* CoreGraphics.framework */; };
		28AD733F0D9D9553002E5188 /* MainWindow.xib in Resources */ = {isa = PBXBuildFile; fileRef = 28AD733E0D9D9553002E5188 /* MainWindow.xib */; };
		D4BB71191112824B00FD7C7F /* GHUnitIPhoneTestMain.m in Sources */ = {isa = PBXBuildFile; fileRef = D4BB71121112824B00FD7C7F /* GHUnitIPhoneTestMain.m */; };
		D4BB711A1112824B00FD7C7F /* libGHUnitIPhone3_0.a in Frameworks */ = {isa = PBXBuildFile; fileRef = D4BB71141112824B00FD7C7F /* libGHUnitIPhone3_0.a */; };
		D4BB711B1112824B00FD7C7F /* Makefile in Sources */ = {isa = PBXBuildFile; fileRef = D4BB71151112824B00FD7C7F /* Makefile */; };
		D4BB711C1112824B00FD7C7F /* RunTests.sh in Resources */ = {isa = PBXBuildFile; fileRef = D4BB71181112824B00FD7C7F /* RunTests.sh */; };
		D4BB711E1112828400FD7C7F /* CFNetwork.framework in Frameworks */ = {isa = PBXBuildFile; fileRef = D4BB711D1112828400FD7C7F /* CFNetwork.framework */; };
		D4BB71201112828400FD7C7F /* CoreFoundation.framework in Frameworks */ = {isa = PBXBuildFile; fileRef = D4BB711F1112828400FD7C7F /* CoreFoundation.framework */; };
		D4BB71211112828400FD7C7F /* Foundation.framework in Frameworks */ = {isa = PBXBuildFile; fileRef = 1D30AB110D05D00D00671497 /* Foundation.framework */; };
		D4BB71231112828400FD7C7F /* MessageUI.framework in Frameworks */ = {isa = PBXBuildFile; fileRef = D4BB71221112828400FD7C7F /* MessageUI.framework */; };
		D4BB71241112828400FD7C7F /* UIKit.framework in Frameworks */ = {isa = PBXBuildFile; fileRef = 1DF5F4DF0D08C38300B7A737 /* UIKit.framework */; };
		D4BB712D111282A400FD7C7F /* CoreGraphics.framework in Frameworks */ = {isa = PBXBuildFile; fileRef = 288765FC0DF74451002DB57D /* CoreGraphics.framework */; };
		D4BB717B11129DE600FD7C7F /* InvocationTest.m in Sources */ = {isa = PBXBuildFile; fileRef = D4BB717A11129DE600FD7C7F /* InvocationTest.m */; };
		D4BF21A1111A331D00B7A509 /* ASIInputStream.m in Sources */ = {isa = PBXBuildFile; fileRef = D4BF2198111A331D00B7A509 /* ASIInputStream.m */; };
		D4BF21A2111A331D00B7A509 /* ASIFormDataRequest.m in Sources */ = {isa = PBXBuildFile; fileRef = D4BF219A111A331D00B7A509 /* ASIFormDataRequest.m */; };
		D4BF21A3111A331D00B7A509 /* ASIHTTPRequest.m in Sources */ = {isa = PBXBuildFile; fileRef = D4BF219C111A331D00B7A509 /* ASIHTTPRequest.m */; };
		D4BF21A4111A331D00B7A509 /* ASINetworkQueue.m in Sources */ = {isa = PBXBuildFile; fileRef = D4BF219E111A331D00B7A509 /* ASINetworkQueue.m */; };
		D4BF21A5111A331D00B7A509 /* ASINSStringAdditions.m in Sources */ = {isa = PBXBuildFile; fileRef = D4BF21A0111A331D00B7A509 /* ASINSStringAdditions.m */; };
		D4BF21A6111A331D00B7A509 /* ASIInputStream.m in Sources */ = {isa = PBXBuildFile; fileRef = D4BF2198111A331D00B7A509 /* ASIInputStream.m */; };
		D4BF21A7111A331D00B7A509 /* ASIFormDataRequest.m in Sources */ = {isa = PBXBuildFile; fileRef = D4BF219A111A331D00B7A509 /* ASIFormDataRequest.m */; };
		D4BF21A8111A331D00B7A509 /* ASIHTTPRequest.m in Sources */ = {isa = PBXBuildFile; fileRef = D4BF219C111A331D00B7A509 /* ASIHTTPRequest.m */; };
		D4BF21A9111A331D00B7A509 /* ASINetworkQueue.m in Sources */ = {isa = PBXBuildFile; fileRef = D4BF219E111A331D00B7A509 /* ASINetworkQueue.m */; };
		D4BF21AA111A331D00B7A509 /* ASINSStringAdditions.m in Sources */ = {isa = PBXBuildFile; fileRef = D4BF21A0111A331D00B7A509 /* ASINSStringAdditions.m */; };
		D4BF21AB111A339F00B7A509 /* CFNetwork.framework in Frameworks */ = {isa = PBXBuildFile; fileRef = D4BB711D1112828400FD7C7F /* CFNetwork.framework */; };
		D4BF21AD111A339F00B7A509 /* SystemConfiguration.framework in Frameworks */ = {isa = PBXBuildFile; fileRef = D4BF21AC111A339F00B7A509 /* SystemConfiguration.framework */; };
		D4BF21AF111A33B900B7A509 /* libz.1.2.3.dylib in Frameworks */ = {isa = PBXBuildFile; fileRef = D4BF21AE111A33B900B7A509 /* libz.1.2.3.dylib */; };
		D4BF21B0111A33D900B7A509 /* SystemConfiguration.framework in Frameworks */ = {isa = PBXBuildFile; fileRef = D4BF21AC111A339F00B7A509 /* SystemConfiguration.framework */; };
		D4BF21B1111A33E000B7A509 /* libz.1.2.3.dylib in Frameworks */ = {isa = PBXBuildFile; fileRef = D4BF21AE111A33B900B7A509 /* libz.1.2.3.dylib */; };
		D4BF21B5111A340C00B7A509 /* Reachability.m in Sources */ = {isa = PBXBuildFile; fileRef = D4BF21B4111A340C00B7A509 /* Reachability.m */; };
		D4BF21B6111A340C00B7A509 /* Reachability.m in Sources */ = {isa = PBXBuildFile; fileRef = D4BF21B4111A340C00B7A509 /* Reachability.m */; };
		D4BF21B9111A343B00B7A509 /* ASIAuthenticationDialog.m in Sources */ = {isa = PBXBuildFile; fileRef = D4BF21B8111A343B00B7A509 /* ASIAuthenticationDialog.m */; };
		D4BF21BA111A343B00B7A509 /* ASIAuthenticationDialog.m in Sources */ = {isa = PBXBuildFile; fileRef = D4BF21B8111A343B00B7A509 /* ASIAuthenticationDialog.m */; };
		D4BF21D3111A35BF00B7A509 /* TeePeeTest.m in Sources */ = {isa = PBXBuildFile; fileRef = D4BF21D2111A35BF00B7A509 /* TeePeeTest.m */; };
		D4BF21D4111A35BF00B7A509 /* TeePeeTest.m in Sources */ = {isa = PBXBuildFile; fileRef = D4BF21D2111A35BF00B7A509 /* TeePeeTest.m */; };
		D4BF21E9111A377700B7A509 /* TeePee.m in Sources */ = {isa = PBXBuildFile; fileRef = D4BF21E8111A377700B7A509 /* TeePee.m */; };
		D4C8A845111A6E09009CFDFF /* CREDITS in Resources */ = {isa = PBXBuildFile; fileRef = D4C8A837111A6E09009CFDFF /* CREDITS */; };
		D4C8A846111A6E09009CFDFF /* NSObject+SBJSON.m in Sources */ = {isa = PBXBuildFile; fileRef = D4C8A83A111A6E09009CFDFF /* NSObject+SBJSON.m */; };
		D4C8A847111A6E09009CFDFF /* NSString+SBJSON.m in Sources */ = {isa = PBXBuildFile; fileRef = D4C8A83C111A6E09009CFDFF /* NSString+SBJSON.m */; };
		D4C8A848111A6E09009CFDFF /* SBJSON.m in Sources */ = {isa = PBXBuildFile; fileRef = D4C8A83E111A6E09009CFDFF /* SBJSON.m */; };
		D4C8A849111A6E09009CFDFF /* SBJsonBase.m in Sources */ = {isa = PBXBuildFile; fileRef = D4C8A840111A6E09009CFDFF /* SBJsonBase.m */; };
		D4C8A84A111A6E09009CFDFF /* SBJsonParser.m in Sources */ = {isa = PBXBuildFile; fileRef = D4C8A842111A6E09009CFDFF /* SBJsonParser.m */; };
		D4C8A84B111A6E09009CFDFF /* SBJsonWriter.m in Sources */ = {isa = PBXBuildFile; fileRef = D4C8A844111A6E09009CFDFF /* SBJsonWriter.m */; };
		D4C8A945111B1ABC009CFDFF /* NSDictionary+Parameterize.m in Sources */ = {isa = PBXBuildFile; fileRef = D4C8A944111B1ABC009CFDFF /* NSDictionary+Parameterize.m */; };
		D4C8A948111B1B13009CFDFF /* NSArray+Parametrize.m in Sources */ = {isa = PBXBuildFile; fileRef = D4C8A947111B1B13009CFDFF /* NSArray+Parametrize.m */; };
		D4C97DBE1117D45D0071E2E6 /* CKCampaign.m in Sources */ = {isa = PBXBuildFile; fileRef = D4C97DBD1117D45D0071E2E6 /* CKCampaign.m */; };
		D4C97DC11117D50C0071E2E6 /* CKList.m in Sources */ = {isa = PBXBuildFile; fileRef = D4C97DC01117D50C0071E2E6 /* CKList.m */; };
		D4C97DC51117D5730071E2E6 /* CKMember.m in Sources */ = {isa = PBXBuildFile; fileRef = D4C97DC41117D5730071E2E6 /* CKMember.m */; };
		D4C97DC81117D5B00071E2E6 /* CKHelperMethods.m in Sources */ = {isa = PBXBuildFile; fileRef = D4C97DC71117D5B00071E2E6 /* CKHelperMethods.m */; };
		D4C97DCB1117D7AD0071E2E6 /* ChimpKit.m in Sources */ = {isa = PBXBuildFile; fileRef = D4C97DCA1117D7AD0071E2E6 /* ChimpKit.m */; };
		D4D1162C1115436E0064E162 /* NSObject+Missing.m in Sources */ = {isa = PBXBuildFile; fileRef = D4D1162B1115436E0064E162 /* NSObject+Missing.m */; };
/* End PBXBuildFile section */

/* Begin PBXFileReference section */
		1D30AB110D05D00D00671497 /* Foundation.framework */ = {isa = PBXFileReference; lastKnownFileType = wrapper.framework; name = Foundation.framework; path = System/Library/Frameworks/Foundation.framework; sourceTree = SDKROOT; };
		1D3623240D0F684500981E51 /* ChimpKitAppDelegate.h */ = {isa = PBXFileReference; fileEncoding = 4; lastKnownFileType = sourcecode.c.h; path = ChimpKitAppDelegate.h; sourceTree = "<group>"; };
		1D3623250D0F684500981E51 /* ChimpKitAppDelegate.m */ = {isa = PBXFileReference; fileEncoding = 4; lastKnownFileType = sourcecode.c.objc; path = ChimpKitAppDelegate.m; sourceTree = "<group>"; };
		1D6058910D05DD3D006BFB54 /* ChimpKit.app */ = {isa = PBXFileReference; explicitFileType = wrapper.application; includeInIndex = 0; path = ChimpKit.app; sourceTree = BUILT_PRODUCTS_DIR; };
		1DF5F4DF0D08C38300B7A737 /* UIKit.framework */ = {isa = PBXFileReference; lastKnownFileType = wrapper.framework; name = UIKit.framework; path = System/Library/Frameworks/UIKit.framework; sourceTree = SDKROOT; };
		288765FC0DF74451002DB57D /* CoreGraphics.framework */ = {isa = PBXFileReference; lastKnownFileType = wrapper.framework; name = CoreGraphics.framework; path = System/Library/Frameworks/CoreGraphics.framework; sourceTree = SDKROOT; };
		28AD733E0D9D9553002E5188 /* MainWindow.xib */ = {isa = PBXFileReference; lastKnownFileType = file.xib; path = MainWindow.xib; sourceTree = "<group>"; };
		29B97316FDCFA39411CA2CEA /* main.m */ = {isa = PBXFileReference; fileEncoding = 4; lastKnownFileType = sourcecode.c.objc; path = main.m; sourceTree = "<group>"; };
		32CA4F630368D1EE00C91783 /* ChimpKit_Prefix.pch */ = {isa = PBXFileReference; fileEncoding = 4; lastKnownFileType = sourcecode.c.h; path = ChimpKit_Prefix.pch; sourceTree = "<group>"; };
		8D1107310486CEB800E47090 /* ChimpKit-Info.plist */ = {isa = PBXFileReference; fileEncoding = 4; lastKnownFileType = text.plist.xml; path = "ChimpKit-Info.plist"; plistStructureDefinitionIdentifier = "com.apple.xcode.plist.structure-definition.iphone.info-plist"; sourceTree = "<group>"; };
		D4BB70F8111281DA00FD7C7F /* Unit Tests.app */ = {isa = PBXFileReference; explicitFileType = wrapper.application; includeInIndex = 0; path = "Unit Tests.app"; sourceTree = BUILT_PRODUCTS_DIR; };
		D4BB70FA111281DA00FD7C7F /* Unit Tests-Info.plist */ = {isa = PBXFileReference; lastKnownFileType = text.plist.xml; path = "Unit Tests-Info.plist"; sourceTree = "<group>"; };
		D4BB71081112824A00FD7C7F /* GHAsyncTestCase.h */ = {isa = PBXFileReference; fileEncoding = 4; lastKnownFileType = sourcecode.c.h; path = GHAsyncTestCase.h; sourceTree = "<group>"; };
		D4BB71091112824A00FD7C7F /* GHTest.h */ = {isa = PBXFileReference; fileEncoding = 4; lastKnownFileType = sourcecode.c.h; path = GHTest.h; sourceTree = "<group>"; };
		D4BB710A1112824B00FD7C7F /* GHTestCase.h */ = {isa = PBXFileReference; fileEncoding = 4; lastKnownFileType = sourcecode.c.h; path = GHTestCase.h; sourceTree = "<group>"; };
		D4BB710B1112824B00FD7C7F /* GHTestGroup.h */ = {isa = PBXFileReference; fileEncoding = 4; lastKnownFileType = sourcecode.c.h; path = GHTestGroup.h; sourceTree = "<group>"; };
		D4BB710C1112824B00FD7C7F /* GHTesting.h */ = {isa = PBXFileReference; fileEncoding = 4; lastKnownFileType = sourcecode.c.h; path = GHTesting.h; sourceTree = "<group>"; };
		D4BB710D1112824B00FD7C7F /* GHTestMacros.h */ = {isa = PBXFileReference; fileEncoding = 4; lastKnownFileType = sourcecode.c.h; path = GHTestMacros.h; sourceTree = "<group>"; };
		D4BB710E1112824B00FD7C7F /* GHTestRunner.h */ = {isa = PBXFileReference; fileEncoding = 4; lastKnownFileType = sourcecode.c.h; path = GHTestRunner.h; sourceTree = "<group>"; };
		D4BB710F1112824B00FD7C7F /* GHTestSuite.h */ = {isa = PBXFileReference; fileEncoding = 4; lastKnownFileType = sourcecode.c.h; path = GHTestSuite.h; sourceTree = "<group>"; };
		D4BB71101112824B00FD7C7F /* GHUnit.h */ = {isa = PBXFileReference; fileEncoding = 4; lastKnownFileType = sourcecode.c.h; path = GHUnit.h; sourceTree = "<group>"; };
		D4BB71111112824B00FD7C7F /* GHUnitIPhoneAppDelegate.h */ = {isa = PBXFileReference; fileEncoding = 4; lastKnownFileType = sourcecode.c.h; path = GHUnitIPhoneAppDelegate.h; sourceTree = "<group>"; };
		D4BB71121112824B00FD7C7F /* GHUnitIPhoneTestMain.m */ = {isa = PBXFileReference; fileEncoding = 4; lastKnownFileType = sourcecode.c.objc; path = GHUnitIPhoneTestMain.m; sourceTree = "<group>"; };
		D4BB71131112824B00FD7C7F /* GHUNSObject+Swizzle.h */ = {isa = PBXFileReference; fileEncoding = 4; lastKnownFileType = sourcecode.c.h; path = "GHUNSObject+Swizzle.h"; sourceTree = "<group>"; };
		D4BB71141112824B00FD7C7F /* libGHUnitIPhone3_0.a */ = {isa = PBXFileReference; lastKnownFileType = archive.ar; path = libGHUnitIPhone3_0.a; sourceTree = "<group>"; };
		D4BB71151112824B00FD7C7F /* Makefile */ = {isa = PBXFileReference; fileEncoding = 4; lastKnownFileType = sourcecode.make; path = Makefile; sourceTree = "<group>"; };
		D4BB71161112824B00FD7C7F /* NSException+GHTestFailureExceptions.h */ = {isa = PBXFileReference; fileEncoding = 4; lastKnownFileType = sourcecode.c.h; path = "NSException+GHTestFailureExceptions.h"; sourceTree = "<group>"; };
		D4BB71171112824B00FD7C7F /* NSValue+GHValueFormatter.h */ = {isa = PBXFileReference; fileEncoding = 4; lastKnownFileType = sourcecode.c.h; path = "NSValue+GHValueFormatter.h"; sourceTree = "<group>"; };
		D4BB71181112824B00FD7C7F /* RunTests.sh */ = {isa = PBXFileReference; fileEncoding = 4; lastKnownFileType = text.script.sh; path = RunTests.sh; sourceTree = "<group>"; };
		D4BB711D1112828400FD7C7F /* CFNetwork.framework */ = {isa = PBXFileReference; lastKnownFileType = wrapper.framework; name = CFNetwork.framework; path = System/Library/Frameworks/CFNetwork.framework; sourceTree = SDKROOT; };
		D4BB711F1112828400FD7C7F /* CoreFoundation.framework */ = {isa = PBXFileReference; lastKnownFileType = wrapper.framework; name = CoreFoundation.framework; path = System/Library/Frameworks/CoreFoundation.framework; sourceTree = SDKROOT; };
		D4BB71221112828400FD7C7F /* MessageUI.framework */ = {isa = PBXFileReference; lastKnownFileType = wrapper.framework; name = MessageUI.framework; path = System/Library/Frameworks/MessageUI.framework; sourceTree = SDKROOT; };
		D4BB717A11129DE600FD7C7F /* InvocationTest.m */ = {isa = PBXFileReference; fileEncoding = 4; lastKnownFileType = sourcecode.c.objc; path = InvocationTest.m; sourceTree = "<group>"; };
		D4BF2196111A331D00B7A509 /* ASIHTTPRequestConfig.h */ = {isa = PBXFileReference; fileEncoding = 4; lastKnownFileType = sourcecode.c.h; path = ASIHTTPRequestConfig.h; sourceTree = "<group>"; };
		D4BF2197111A331D00B7A509 /* ASIInputStream.h */ = {isa = PBXFileReference; fileEncoding = 4; lastKnownFileType = sourcecode.c.h; path = ASIInputStream.h; sourceTree = "<group>"; };
		D4BF2198111A331D00B7A509 /* ASIInputStream.m */ = {isa = PBXFileReference; fileEncoding = 4; lastKnownFileType = sourcecode.c.objc; path = ASIInputStream.m; sourceTree = "<group>"; };
		D4BF2199111A331D00B7A509 /* ASIFormDataRequest.h */ = {isa = PBXFileReference; fileEncoding = 4; lastKnownFileType = sourcecode.c.h; path = ASIFormDataRequest.h; sourceTree = "<group>"; };
		D4BF219A111A331D00B7A509 /* ASIFormDataRequest.m */ = {isa = PBXFileReference; fileEncoding = 4; lastKnownFileType = sourcecode.c.objc; path = ASIFormDataRequest.m; sourceTree = "<group>"; };
		D4BF219B111A331D00B7A509 /* ASIHTTPRequest.h */ = {isa = PBXFileReference; fileEncoding = 4; lastKnownFileType = sourcecode.c.h; path = ASIHTTPRequest.h; sourceTree = "<group>"; };
		D4BF219C111A331D00B7A509 /* ASIHTTPRequest.m */ = {isa = PBXFileReference; fileEncoding = 4; lastKnownFileType = sourcecode.c.objc; path = ASIHTTPRequest.m; sourceTree = "<group>"; };
		D4BF219D111A331D00B7A509 /* ASINetworkQueue.h */ = {isa = PBXFileReference; fileEncoding = 4; lastKnownFileType = sourcecode.c.h; path = ASINetworkQueue.h; sourceTree = "<group>"; };
		D4BF219E111A331D00B7A509 /* ASINetworkQueue.m */ = {isa = PBXFileReference; fileEncoding = 4; lastKnownFileType = sourcecode.c.objc; path = ASINetworkQueue.m; sourceTree = "<group>"; };
		D4BF219F111A331D00B7A509 /* ASINSStringAdditions.h */ = {isa = PBXFileReference; fileEncoding = 4; lastKnownFileType = sourcecode.c.h; path = ASINSStringAdditions.h; sourceTree = "<group>"; };
		D4BF21A0111A331D00B7A509 /* ASINSStringAdditions.m */ = {isa = PBXFileReference; fileEncoding = 4; lastKnownFileType = sourcecode.c.objc; path = ASINSStringAdditions.m; sourceTree = "<group>"; };
		D4BF21AC111A339F00B7A509 /* SystemConfiguration.framework */ = {isa = PBXFileReference; lastKnownFileType = wrapper.framework; name = SystemConfiguration.framework; path = System/Library/Frameworks/SystemConfiguration.framework; sourceTree = SDKROOT; };
		D4BF21AE111A33B900B7A509 /* libz.1.2.3.dylib */ = {isa = PBXFileReference; lastKnownFileType = "compiled.mach-o.dylib"; name = libz.1.2.3.dylib; path = usr/lib/libz.1.2.3.dylib; sourceTree = SDKROOT; };
		D4BF21B3111A340C00B7A509 /* Reachability.h */ = {isa = PBXFileReference; fileEncoding = 4; lastKnownFileType = sourcecode.c.h; path = Reachability.h; sourceTree = "<group>"; };
		D4BF21B4111A340C00B7A509 /* Reachability.m */ = {isa = PBXFileReference; fileEncoding = 4; lastKnownFileType = sourcecode.c.objc; path = Reachability.m; sourceTree = "<group>"; };
		D4BF21B7111A343B00B7A509 /* ASIAuthenticationDialog.h */ = {isa = PBXFileReference; fileEncoding = 4; lastKnownFileType = sourcecode.c.h; path = ASIAuthenticationDialog.h; sourceTree = "<group>"; };
		D4BF21B8111A343B00B7A509 /* ASIAuthenticationDialog.m */ = {isa = PBXFileReference; fileEncoding = 4; lastKnownFileType = sourcecode.c.objc; path = ASIAuthenticationDialog.m; sourceTree = "<group>"; };
		D4BF21D2111A35BF00B7A509 /* TeePeeTest.m */ = {isa = PBXFileReference; fileEncoding = 4; lastKnownFileType = sourcecode.c.objc; path = TeePeeTest.m; sourceTree = "<group>"; };
		D4BF21E7111A377700B7A509 /* TeePee.h */ = {isa = PBXFileReference; fileEncoding = 4; lastKnownFileType = sourcecode.c.h; path = TeePee.h; sourceTree = "<group>"; };
		D4BF21E8111A377700B7A509 /* TeePee.m */ = {isa = PBXFileReference; fileEncoding = 4; lastKnownFileType = sourcecode.c.objc; path = TeePee.m; sourceTree = "<group>"; };
		D4C8A837111A6E09009CFDFF /* CREDITS */ = {isa = PBXFileReference; fileEncoding = 4; lastKnownFileType = text; path = CREDITS; sourceTree = "<group>"; };
		D4C8A838111A6E09009CFDFF /* JSON.h */ = {isa = PBXFileReference; fileEncoding = 4; lastKnownFileType = sourcecode.c.h; path = JSON.h; sourceTree = "<group>"; };
		D4C8A839111A6E09009CFDFF /* NSObject+SBJSON.h */ = {isa = PBXFileReference; fileEncoding = 4; lastKnownFileType = sourcecode.c.h; path = "NSObject+SBJSON.h"; sourceTree = "<group>"; };
		D4C8A83A111A6E09009CFDFF /* NSObject+SBJSON.m */ = {isa = PBXFileReference; fileEncoding = 4; lastKnownFileType = sourcecode.c.objc; path = "NSObject+SBJSON.m"; sourceTree = "<group>"; };
		D4C8A83B111A6E09009CFDFF /* NSString+SBJSON.h */ = {isa = PBXFileReference; fileEncoding = 4; lastKnownFileType = sourcecode.c.h; path = "NSString+SBJSON.h"; sourceTree = "<group>"; };
		D4C8A83C111A6E09009CFDFF /* NSString+SBJSON.m */ = {isa = PBXFileReference; fileEncoding = 4; lastKnownFileType = sourcecode.c.objc; path = "NSString+SBJSON.m"; sourceTree = "<group>"; };
		D4C8A83D111A6E09009CFDFF /* SBJSON.h */ = {isa = PBXFileReference; fileEncoding = 4; lastKnownFileType = sourcecode.c.h; path = SBJSON.h; sourceTree = "<group>"; };
		D4C8A83E111A6E09009CFDFF /* SBJSON.m */ = {isa = PBXFileReference; fileEncoding = 4; lastKnownFileType = sourcecode.c.objc; path = SBJSON.m; sourceTree = "<group>"; };
		D4C8A83F111A6E09009CFDFF /* SBJsonBase.h */ = {isa = PBXFileReference; fileEncoding = 4; lastKnownFileType = sourcecode.c.h; path = SBJsonBase.h; sourceTree = "<group>"; };
		D4C8A840111A6E09009CFDFF /* SBJsonBase.m */ = {isa = PBXFileReference; fileEncoding = 4; lastKnownFileType = sourcecode.c.objc; path = SBJsonBase.m; sourceTree = "<group>"; };
		D4C8A841111A6E09009CFDFF /* SBJsonParser.h */ = {isa = PBXFileReference; fileEncoding = 4; lastKnownFileType = sourcecode.c.h; path = SBJsonParser.h; sourceTree = "<group>"; };
		D4C8A842111A6E09009CFDFF /* SBJsonParser.m */ = {isa = PBXFileReference; fileEncoding = 4; lastKnownFileType = sourcecode.c.objc; path = SBJsonParser.m; sourceTree = "<group>"; };
		D4C8A843111A6E09009CFDFF /* SBJsonWriter.h */ = {isa = PBXFileReference; fileEncoding = 4; lastKnownFileType = sourcecode.c.h; path = SBJsonWriter.h; sourceTree = "<group>"; };
		D4C8A844111A6E09009CFDFF /* SBJsonWriter.m */ = {isa = PBXFileReference; fileEncoding = 4; lastKnownFileType = sourcecode.c.objc; path = SBJsonWriter.m; sourceTree = "<group>"; };
		D4C8A943111B1ABC009CFDFF /* NSDictionary+Parameterize.h */ = {isa = PBXFileReference; fileEncoding = 4; lastKnownFileType = sourcecode.c.h; path = "NSDictionary+Parameterize.h"; sourceTree = "<group>"; };
		D4C8A944111B1ABC009CFDFF /* NSDictionary+Parameterize.m */ = {isa = PBXFileReference; fileEncoding = 4; lastKnownFileType = sourcecode.c.objc; path = "NSDictionary+Parameterize.m"; sourceTree = "<group>"; };
		D4C8A946111B1B13009CFDFF /* NSArray+Parametrize.h */ = {isa = PBXFileReference; fileEncoding = 4; lastKnownFileType = sourcecode.c.h; path = "NSArray+Parametrize.h"; sourceTree = "<group>"; };
		D4C8A947111B1B13009CFDFF /* NSArray+Parametrize.m */ = {isa = PBXFileReference; fileEncoding = 4; lastKnownFileType = sourcecode.c.objc; path = "NSArray+Parametrize.m"; sourceTree = "<group>"; };
		D4C97DBC1117D45D0071E2E6 /* CKCampaign.h */ = {isa = PBXFileReference; fileEncoding = 4; lastKnownFileType = sourcecode.c.h; path = CKCampaign.h; sourceTree = "<group>"; };
		D4C97DBD1117D45D0071E2E6 /* CKCampaign.m */ = {isa = PBXFileReference; fileEncoding = 4; lastKnownFileType = sourcecode.c.objc; path = CKCampaign.m; sourceTree = "<group>"; };
		D4C97DBF1117D50C0071E2E6 /* CKList.h */ = {isa = PBXFileReference; fileEncoding = 4; lastKnownFileType = sourcecode.c.h; path = CKList.h; sourceTree = "<group>"; };
		D4C97DC01117D50C0071E2E6 /* CKList.m */ = {isa = PBXFileReference; fileEncoding = 4; lastKnownFileType = sourcecode.c.objc; path = CKList.m; sourceTree = "<group>"; };
		D4C97DC31117D5730071E2E6 /* CKMember.h */ = {isa = PBXFileReference; fileEncoding = 4; lastKnownFileType = sourcecode.c.h; path = CKMember.h; sourceTree = "<group>"; };
		D4C97DC41117D5730071E2E6 /* CKMember.m */ = {isa = PBXFileReference; fileEncoding = 4; lastKnownFileType = sourcecode.c.objc; path = CKMember.m; sourceTree = "<group>"; };
		D4C97DC61117D5B00071E2E6 /* CKHelperMethods.h */ = {isa = PBXFileReference; fileEncoding = 4; lastKnownFileType = sourcecode.c.h; path = CKHelperMethods.h; sourceTree = "<group>"; };
		D4C97DC71117D5B00071E2E6 /* CKHelperMethods.m */ = {isa = PBXFileReference; fileEncoding = 4; lastKnownFileType = sourcecode.c.objc; path = CKHelperMethods.m; sourceTree = "<group>"; };
		D4C97DC91117D7AD0071E2E6 /* ChimpKit.h */ = {isa = PBXFileReference; fileEncoding = 4; lastKnownFileType = sourcecode.c.h; path = ChimpKit.h; sourceTree = "<group>"; };
		D4C97DCA1117D7AD0071E2E6 /* ChimpKit.m */ = {isa = PBXFileReference; fileEncoding = 4; lastKnownFileType = sourcecode.c.objc; path = ChimpKit.m; sourceTree = "<group>"; };
		D4D1162A1115436E0064E162 /* NSObject+Missing.h */ = {isa = PBXFileReference; fileEncoding = 4; lastKnownFileType = sourcecode.c.h; path = "NSObject+Missing.h"; sourceTree = "<group>"; };
		D4D1162B1115436E0064E162 /* NSObject+Missing.m */ = {isa = PBXFileReference; fileEncoding = 4; lastKnownFileType = sourcecode.c.objc; path = "NSObject+Missing.m"; sourceTree = "<group>"; };
/* End PBXFileReference section */

/* Begin PBXFrameworksBuildPhase section */
		1D60588F0D05DD3D006BFB54 /* Frameworks */ = {
			isa = PBXFrameworksBuildPhase;
			buildActionMask = 2147483647;
			files = (
				1D60589F0D05DD5A006BFB54 /* Foundation.framework in Frameworks */,
				1DF5F4E00D08C38300B7A737 /* UIKit.framework in Frameworks */,
				288765FD0DF74451002DB57D /* CoreGraphics.framework in Frameworks */,
				D4BF21AB111A339F00B7A509 /* CFNetwork.framework in Frameworks */,
				D4BF21AD111A339F00B7A509 /* SystemConfiguration.framework in Frameworks */,
				D4BF21AF111A33B900B7A509 /* libz.1.2.3.dylib in Frameworks */,
			);
			runOnlyForDeploymentPostprocessing = 0;
		};
		D4BB70F6111281DA00FD7C7F /* Frameworks */ = {
			isa = PBXFrameworksBuildPhase;
			buildActionMask = 2147483647;
			files = (
				D4BB711A1112824B00FD7C7F /* libGHUnitIPhone3_0.a in Frameworks */,
				D4BB711E1112828400FD7C7F /* CFNetwork.framework in Frameworks */,
				D4BB71201112828400FD7C7F /* CoreFoundation.framework in Frameworks */,
				D4BB71211112828400FD7C7F /* Foundation.framework in Frameworks */,
				D4BB71231112828400FD7C7F /* MessageUI.framework in Frameworks */,
				D4BB71241112828400FD7C7F /* UIKit.framework in Frameworks */,
				D4BB712D111282A400FD7C7F /* CoreGraphics.framework in Frameworks */,
				D4BF21B0111A33D900B7A509 /* SystemConfiguration.framework in Frameworks */,
				D4BF21B1111A33E000B7A509 /* libz.1.2.3.dylib in Frameworks */,
			);
			runOnlyForDeploymentPostprocessing = 0;
		};
/* End PBXFrameworksBuildPhase section */

/* Begin PBXGroup section */
		080E96DDFE201D6D7F000001 /* Classes */ = {
			isa = PBXGroup;
			children = (
				D4BB7139111282DB00FD7C7F /* views */,
				D4BB7138111282D100FD7C7F /* controllers */,
				D4BB7137111282C800FD7C7F /* models */,
				D4BB7136111282BE00FD7C7F /* app */,
			);
			path = Classes;
			sourceTree = "<group>";
		};
		19C28FACFE9D520D11CA2CBB /* Products */ = {
			isa = PBXGroup;
			children = (
				1D6058910D05DD3D006BFB54 /* ChimpKit.app */,
				D4BB70F8111281DA00FD7C7F /* Unit Tests.app */,
			);
			name = Products;
			sourceTree = "<group>";
		};
		29B97314FDCFA39411CA2CEA /* CustomTemplate */ = {
			isa = PBXGroup;
			children = (
				D4D11628111543170064E162 /* Libs */,
				D4BB717911129DA600FD7C7F /* Tests */,
				D4BB70DD111281A100FD7C7F /* Libs */,
				080E96DDFE201D6D7F000001 /* Classes */,
				29B97315FDCFA39411CA2CEA /* Other Sources */,
				29B97317FDCFA39411CA2CEA /* Resources */,
				29B97323FDCFA39411CA2CEA /* Frameworks */,
				19C28FACFE9D520D11CA2CBB /* Products */,
				D4BB70FA111281DA00FD7C7F /* Unit Tests-Info.plist */,
				D4BB711D1112828400FD7C7F /* CFNetwork.framework */,
				D4BB711F1112828400FD7C7F /* CoreFoundation.framework */,
				D4BB71221112828400FD7C7F /* MessageUI.framework */,
				D4BF21AC111A339F00B7A509 /* SystemConfiguration.framework */,
				D4BF21AE111A33B900B7A509 /* libz.1.2.3.dylib */,
			);
			name = CustomTemplate;
			sourceTree = "<group>";
		};
		29B97315FDCFA39411CA2CEA /* Other Sources */ = {
			isa = PBXGroup;
			children = (
				32CA4F630368D1EE00C91783 /* ChimpKit_Prefix.pch */,
				29B97316FDCFA39411CA2CEA /* main.m */,
			);
			name = "Other Sources";
			sourceTree = "<group>";
		};
		29B97317FDCFA39411CA2CEA /* Resources */ = {
			isa = PBXGroup;
			children = (
				28AD733E0D9D9553002E5188 /* MainWindow.xib */,
				8D1107310486CEB800E47090 /* ChimpKit-Info.plist */,
			);
			name = Resources;
			sourceTree = "<group>";
		};
		29B97323FDCFA39411CA2CEA /* Frameworks */ = {
			isa = PBXGroup;
			children = (
				1DF5F4DF0D08C38300B7A737 /* UIKit.framework */,
				1D30AB110D05D00D00671497 /* Foundation.framework */,
				288765FC0DF74451002DB57D /* CoreGraphics.framework */,
			);
			name = Frameworks;
			sourceTree = "<group>";
		};
		D4BB70DD111281A100FD7C7F /* Libs */ = {
			isa = PBXGroup;
			children = (
				D4BB71071112824A00FD7C7F /* libGHUnitIPhone3_0-0.4.13 */,
			);
			name = Libs;
			sourceTree = "<group>";
		};
		D4BB71071112824A00FD7C7F /* libGHUnitIPhone3_0-0.4.13 */ = {
			isa = PBXGroup;
			children = (
				D4BB71081112824A00FD7C7F /* GHAsyncTestCase.h */,
				D4BB71091112824A00FD7C7F /* GHTest.h */,
				D4BB710A1112824B00FD7C7F /* GHTestCase.h */,
				D4BB710B1112824B00FD7C7F /* GHTestGroup.h */,
				D4BB710C1112824B00FD7C7F /* GHTesting.h */,
				D4BB710D1112824B00FD7C7F /* GHTestMacros.h */,
				D4BB710E1112824B00FD7C7F /* GHTestRunner.h */,
				D4BB710F1112824B00FD7C7F /* GHTestSuite.h */,
				D4BB71101112824B00FD7C7F /* GHUnit.h */,
				D4BB71111112824B00FD7C7F /* GHUnitIPhoneAppDelegate.h */,
				D4BB71121112824B00FD7C7F /* GHUnitIPhoneTestMain.m */,
				D4BB71131112824B00FD7C7F /* GHUNSObject+Swizzle.h */,
				D4BB71141112824B00FD7C7F /* libGHUnitIPhone3_0.a */,
				D4BB71151112824B00FD7C7F /* Makefile */,
				D4BB71161112824B00FD7C7F /* NSException+GHTestFailureExceptions.h */,
				D4BB71171112824B00FD7C7F /* NSValue+GHValueFormatter.h */,
				D4BB71181112824B00FD7C7F /* RunTests.sh */,
			);
			path = "libGHUnitIPhone3_0-0.4.13";
			sourceTree = "<group>";
		};
		D4BB7136111282BE00FD7C7F /* app */ = {
			isa = PBXGroup;
			children = (
				1D3623240D0F684500981E51 /* ChimpKitAppDelegate.h */,
				1D3623250D0F684500981E51 /* ChimpKitAppDelegate.m */,
			);
			name = app;
			sourceTree = "<group>";
		};
		D4BB7137111282C800FD7C7F /* models */ = {
			isa = PBXGroup;
			children = (
				D4C97DBC1117D45D0071E2E6 /* CKCampaign.h */,
				D4C97DBD1117D45D0071E2E6 /* CKCampaign.m */,
				D4C97DBF1117D50C0071E2E6 /* CKList.h */,
				D4C97DC01117D50C0071E2E6 /* CKList.m */,
				D4C97DC31117D5730071E2E6 /* CKMember.h */,
				D4C97DC41117D5730071E2E6 /* CKMember.m */,
				D4C97DC61117D5B00071E2E6 /* CKHelperMethods.h */,
				D4C97DC71117D5B00071E2E6 /* CKHelperMethods.m */,
				D4C97DC91117D7AD0071E2E6 /* ChimpKit.h */,
				D4C97DCA1117D7AD0071E2E6 /* ChimpKit.m */,
			);
			name = models;
			sourceTree = "<group>";
		};
		D4BB7138111282D100FD7C7F /* controllers */ = {
			isa = PBXGroup;
			children = (
			);
			name = controllers;
			sourceTree = "<group>";
		};
		D4BB7139111282DB00FD7C7F /* views */ = {
			isa = PBXGroup;
			children = (
			);
			name = views;
			sourceTree = "<group>";
		};
		D4BB717911129DA600FD7C7F /* Tests */ = {
			isa = PBXGroup;
			children = (
				D4BB717A11129DE600FD7C7F /* InvocationTest.m */,
				D4BF21D2111A35BF00B7A509 /* TeePeeTest.m */,
			);
			name = Tests;
			sourceTree = "<group>";
		};
		D4BF2195111A32FD00B7A509 /* ASIHTTPRequest */ = {
			isa = PBXGroup;
			children = (
				D4BF21B7111A343B00B7A509 /* ASIAuthenticationDialog.h */,
				D4BF21B8111A343B00B7A509 /* ASIAuthenticationDialog.m */,
				D4BF2196111A331D00B7A509 /* ASIHTTPRequestConfig.h */,
				D4BF2197111A331D00B7A509 /* ASIInputStream.h */,
				D4BF2198111A331D00B7A509 /* ASIInputStream.m */,
				D4BF2199111A331D00B7A509 /* ASIFormDataRequest.h */,
				D4BF219A111A331D00B7A509 /* ASIFormDataRequest.m */,
				D4BF219B111A331D00B7A509 /* ASIHTTPRequest.h */,
				D4BF219C111A331D00B7A509 /* ASIHTTPRequest.m */,
				D4BF219D111A331D00B7A509 /* ASINetworkQueue.h */,
				D4BF219E111A331D00B7A509 /* ASINetworkQueue.m */,
				D4BF219F111A331D00B7A509 /* ASINSStringAdditions.h */,
				D4BF21A0111A331D00B7A509 /* ASINSStringAdditions.m */,
			);
			name = ASIHTTPRequest;
			sourceTree = "<group>";
		};
		D4C8A836111A6E09009CFDFF /* JSON */ = {
			isa = PBXGroup;
			children = (
				D4C8A837111A6E09009CFDFF /* CREDITS */,
				D4C8A838111A6E09009CFDFF /* JSON.h */,
				D4C8A839111A6E09009CFDFF /* NSObject+SBJSON.h */,
				D4C8A83A111A6E09009CFDFF /* NSObject+SBJSON.m */,
				D4C8A83B111A6E09009CFDFF /* NSString+SBJSON.h */,
				D4C8A83C111A6E09009CFDFF /* NSString+SBJSON.m */,
				D4C8A83D111A6E09009CFDFF /* SBJSON.h */,
				D4C8A83E111A6E09009CFDFF /* SBJSON.m */,
				D4C8A83F111A6E09009CFDFF /* SBJsonBase.h */,
				D4C8A840111A6E09009CFDFF /* SBJsonBase.m */,
				D4C8A841111A6E09009CFDFF /* SBJsonParser.h */,
				D4C8A842111A6E09009CFDFF /* SBJsonParser.m */,
				D4C8A843111A6E09009CFDFF /* SBJsonWriter.h */,
				D4C8A844111A6E09009CFDFF /* SBJsonWriter.m */,
			);
			path = JSON;
			sourceTree = "<group>";
		};
		D4C8A84C111A6E68009CFDFF /* vendor */ = {
			isa = PBXGroup;
			children = (
				D4C8A84F111A6E89009CFDFF /* TeePee */,
				D4C8A84E111A6E79009CFDFF /* Reachabillity */,
				D4BF2195111A32FD00B7A509 /* ASIHTTPRequest */,
				D4C8A836111A6E09009CFDFF /* JSON */,
			);
			name = vendor;
			sourceTree = "<group>";
		};
		D4C8A84E111A6E79009CFDFF /* Reachabillity */ = {
			isa = PBXGroup;
			children = (
				D4BF21B3111A340C00B7A509 /* Reachability.h */,
				D4BF21B4111A340C00B7A509 /* Reachability.m */,
			);
			name = Reachabillity;
			sourceTree = "<group>";
		};
		D4C8A84F111A6E89009CFDFF /* TeePee */ = {
			isa = PBXGroup;
			children = (
				D4D1162A1115436E0064E162 /* NSObject+Missing.h */,
				D4D1162B1115436E0064E162 /* NSObject+Missing.m */,
				D4BF21E7111A377700B7A509 /* TeePee.h */,
				D4BF21E8111A377700B7A509 /* TeePee.m */,
				D4C8A943111B1ABC009CFDFF /* NSDictionary+Parameterize.h */,
				D4C8A944111B1ABC009CFDFF /* NSDictionary+Parameterize.m */,
				D4C8A946111B1B13009CFDFF /* NSArray+Parametrize.h */,
				D4C8A947111B1B13009CFDFF /* NSArray+Parametrize.m */,
			);
			name = TeePee;
			sourceTree = "<group>";
		};
		D4D11628111543170064E162 /* Libs */ = {
			isa = PBXGroup;
			children = (
				D4C8A84C111A6E68009CFDFF /* vendor */,
			);
			name = Libs;
			sourceTree = "<group>";
		};
/* End PBXGroup section */

/* Begin PBXNativeTarget section */
		1D6058900D05DD3D006BFB54 /* ChimpKit */ = {
			isa = PBXNativeTarget;
			buildConfigurationList = 1D6058960D05DD3E006BFB54 /* Build configuration list for PBXNativeTarget "ChimpKit" */;
			buildPhases = (
				1D60588D0D05DD3D006BFB54 /* Resources */,
				1D60588E0D05DD3D006BFB54 /* Sources */,
				1D60588F0D05DD3D006BFB54 /* Frameworks */,
			);
			buildRules = (
			);
			dependencies = (
			);
			name = ChimpKit;
			productName = ChimpKit;
			productReference = 1D6058910D05DD3D006BFB54 /* ChimpKit.app */;
			productType = "com.apple.product-type.application";
		};
		D4BB70F7111281DA00FD7C7F /* Unit Tests */ = {
			isa = PBXNativeTarget;
			buildConfigurationList = D4BB70FD111281DA00FD7C7F /* Build configuration list for PBXNativeTarget "Unit Tests" */;
			buildPhases = (
				D4BB70F4111281DA00FD7C7F /* Resources */,
				D4BB70F5111281DA00FD7C7F /* Sources */,
				D4BB70F6111281DA00FD7C7F /* Frameworks */,
			);
			buildRules = (
			);
			dependencies = (
			);
			name = "Unit Tests";
			productName = "Unit Tests";
			productReference = D4BB70F8111281DA00FD7C7F /* Unit Tests.app */;
			productType = "com.apple.product-type.application";
		};
/* End PBXNativeTarget section */

/* Begin PBXProject section */
		29B97313FDCFA39411CA2CEA /* Project object */ = {
			isa = PBXProject;
			buildConfigurationList = C01FCF4E08A954540054247B /* Build configuration list for PBXProject "ChimpKit" */;
			compatibilityVersion = "Xcode 3.1";
			hasScannedForEncodings = 1;
			mainGroup = 29B97314FDCFA39411CA2CEA /* CustomTemplate */;
			projectDirPath = "";
			projectRoot = "";
			targets = (
				1D6058900D05DD3D006BFB54 /* ChimpKit */,
				D4BB70F7111281DA00FD7C7F /* Unit Tests */,
			);
		};
/* End PBXProject section */

/* Begin PBXResourcesBuildPhase section */
		1D60588D0D05DD3D006BFB54 /* Resources */ = {
			isa = PBXResourcesBuildPhase;
			buildActionMask = 2147483647;
			files = (
				28AD733F0D9D9553002E5188 /* MainWindow.xib in Resources */,
			);
			runOnlyForDeploymentPostprocessing = 0;
		};
		D4BB70F4111281DA00FD7C7F /* Resources */ = {
			isa = PBXResourcesBuildPhase;
			buildActionMask = 2147483647;
			files = (
				D4BB711C1112824B00FD7C7F /* RunTests.sh in Resources */,
				D4C8A845111A6E09009CFDFF /* CREDITS in Resources */,
			);
			runOnlyForDeploymentPostprocessing = 0;
		};
/* End PBXResourcesBuildPhase section */

/* Begin PBXSourcesBuildPhase section */
		1D60588E0D05DD3D006BFB54 /* Sources */ = {
			isa = PBXSourcesBuildPhase;
			buildActionMask = 2147483647;
			files = (
				1D60589B0D05DD56006BFB54 /* main.m in Sources */,
				1D3623260D0F684500981E51 /* ChimpKitAppDelegate.m in Sources */,
				D4BF21A6111A331D00B7A509 /* ASIInputStream.m in Sources */,
				D4BF21A7111A331D00B7A509 /* ASIFormDataRequest.m in Sources */,
				D4BF21A8111A331D00B7A509 /* ASIHTTPRequest.m in Sources */,
				D4BF21A9111A331D00B7A509 /* ASINetworkQueue.m in Sources */,
				D4BF21AA111A331D00B7A509 /* ASINSStringAdditions.m in Sources */,
				D4BF21B6111A340C00B7A509 /* Reachability.m in Sources */,
				D4BF21BA111A343B00B7A509 /* ASIAuthenticationDialog.m in Sources */,
				D4BF21D4111A35BF00B7A509 /* TeePeeTest.m in Sources */,
			);
			runOnlyForDeploymentPostprocessing = 0;
		};
		D4BB70F5111281DA00FD7C7F /* Sources */ = {
			isa = PBXSourcesBuildPhase;
			buildActionMask = 2147483647;
			files = (
				D4BB71191112824B00FD7C7F /* GHUnitIPhoneTestMain.m in Sources */,
				D4BB711B1112824B00FD7C7F /* Makefile in Sources */,
				D4BB717B11129DE600FD7C7F /* InvocationTest.m in Sources */,
				D4D1162C1115436E0064E162 /* NSObject+Missing.m in Sources */,
				D4C97DBE1117D45D0071E2E6 /* CKCampaign.m in Sources */,
				D4C97DC11117D50C0071E2E6 /* CKList.m in Sources */,
				D4C97DC51117D5730071E2E6 /* CKMember.m in Sources */,
				D4C97DC81117D5B00071E2E6 /* CKHelperMethods.m in Sources */,
				D4C97DCB1117D7AD0071E2E6 /* ChimpKit.m in Sources */,
				D4BF21A1111A331D00B7A509 /* ASIInputStream.m in Sources */,
				D4BF21A2111A331D00B7A509 /* ASIFormDataRequest.m in Sources */,
				D4BF21A3111A331D00B7A509 /* ASIHTTPRequest.m in Sources */,
				D4BF21A4111A331D00B7A509 /* ASINetworkQueue.m in Sources */,
				D4BF21A5111A331D00B7A509 /* ASINSStringAdditions.m in Sources */,
				D4BF21B5111A340C00B7A509 /* Reachability.m in Sources */,
				D4BF21B9111A343B00B7A509 /* ASIAuthenticationDialog.m in Sources */,
				D4BF21D3111A35BF00B7A509 /* TeePeeTest.m in Sources */,
				D4BF21E9111A377700B7A509 /* TeePee.m in Sources */,
				D4C8A846111A6E09009CFDFF /* NSObject+SBJSON.m in Sources */,
				D4C8A847111A6E09009CFDFF /* NSString+SBJSON.m in Sources */,
				D4C8A848111A6E09009CFDFF /* SBJSON.m in Sources */,
				D4C8A849111A6E09009CFDFF /* SBJsonBase.m in Sources */,
				D4C8A84A111A6E09009CFDFF /* SBJsonParser.m in Sources */,
				D4C8A84B111A6E09009CFDFF /* SBJsonWriter.m in Sources */,
				D4C8A945111B1ABC009CFDFF /* NSDictionary+Parameterize.m in Sources */,
				D4C8A948111B1B13009CFDFF /* NSArray+Parametrize.m in Sources */,
			);
			runOnlyForDeploymentPostprocessing = 0;
		};
/* End PBXSourcesBuildPhase section */

/* Begin XCBuildConfiguration section */
		1D6058940D05DD3E006BFB54 /* Debug */ = {
			isa = XCBuildConfiguration;
			buildSettings = {
				ALWAYS_SEARCH_USER_PATHS = NO;
				COPY_PHASE_STRIP = NO;
				GCC_DYNAMIC_NO_PIC = NO;
				GCC_OPTIMIZATION_LEVEL = 0;
				GCC_PRECOMPILE_PREFIX_HEADER = YES;
				GCC_PREFIX_HEADER = ChimpKit_Prefix.pch;
				INFOPLIST_FILE = "ChimpKit-Info.plist";
				LIBRARY_SEARCH_PATHS = (
					"$(inherited)",
					"\"$(SRCROOT)/libGHUnitIPhone3_0-0.4.13\"",
				);
				PRODUCT_NAME = ChimpKit;
			};
			name = Debug;
		};
		1D6058950D05DD3E006BFB54 /* Release */ = {
			isa = XCBuildConfiguration;
			buildSettings = {
				ALWAYS_SEARCH_USER_PATHS = NO;
				COPY_PHASE_STRIP = YES;
				GCC_PRECOMPILE_PREFIX_HEADER = YES;
				GCC_PREFIX_HEADER = ChimpKit_Prefix.pch;
				INFOPLIST_FILE = "ChimpKit-Info.plist";
				LIBRARY_SEARCH_PATHS = (
					"$(inherited)",
					"\"$(SRCROOT)/libGHUnitIPhone3_0-0.4.13\"",
				);
				PRODUCT_NAME = ChimpKit;
			};
			name = Release;
		};
		C01FCF4F08A954540054247B /* Debug */ = {
			isa = XCBuildConfiguration;
			buildSettings = {
				ARCHS = "$(ARCHS_STANDARD_32_BIT)";
				"CODE_SIGN_IDENTITY[sdk=iphoneos*]" = "iPhone Developer";
				GCC_C_LANGUAGE_STANDARD = c99;
				GCC_WARN_ABOUT_RETURN_TYPE = YES;
				GCC_WARN_UNUSED_VARIABLE = YES;
				PREBINDING = NO;
				SDKROOT = iphoneos3.1.2;
			};
			name = Debug;
		};
		C01FCF5008A954540054247B /* Release */ = {
			isa = XCBuildConfiguration;
			buildSettings = {
				ARCHS = "$(ARCHS_STANDARD_32_BIT)";
				"CODE_SIGN_IDENTITY[sdk=iphoneos*]" = "iPhone Developer";
				GCC_C_LANGUAGE_STANDARD = c99;
				GCC_WARN_ABOUT_RETURN_TYPE = YES;
				GCC_WARN_UNUSED_VARIABLE = YES;
				PREBINDING = NO;
				SDKROOT = iphoneos3.1.2;
			};
			name = Release;
		};
		D4BB70FB111281DA00FD7C7F /* Debug */ = {
			isa = XCBuildConfiguration;
			buildSettings = {
				ADDITIONAL_SDKS = "";
				ALWAYS_SEARCH_USER_PATHS = NO;
				CODE_SIGN_IDENTITY = "iPhone Developer";
				COPY_PHASE_STRIP = NO;
				GCC_DYNAMIC_NO_PIC = NO;
				GCC_OPTIMIZATION_LEVEL = 0;
				GCC_PRECOMPILE_PREFIX_HEADER = YES;
				GCC_PREFIX_HEADER = "$(SYSTEM_LIBRARY_DIR)/Frameworks/UIKit.framework/Headers/UIKit.h";
				INFOPLIST_FILE = "Unit Tests-Info.plist";
				INSTALL_PATH = "$(HOME)/Applications";
				LIBRARY_SEARCH_PATHS = (
					"$(inherited)",
					"\"$(SRCROOT)/libGHUnitIPhone3_0-0.4.13\"",
				);
				OTHER_LDFLAGS = (
					"-lxml2",
					"-ObjC",
					"-all_load",
					"-framework",
					Foundation,
					"-framework",
					UIKit,
				);
				PREBINDING = NO;
				PRODUCT_NAME = "Unit Tests";
				SDKROOT = iphoneos3.1.2;
			};
			name = Debug;
		};
		D4BB70FC111281DA00FD7C7F /* Release */ = {
			isa = XCBuildConfiguration;
			buildSettings = {
				ADDITIONAL_SDKS = "";
				ALWAYS_SEARCH_USER_PATHS = NO;
				CODE_SIGN_IDENTITY = "iPhone Developer";
				COPY_PHASE_STRIP = YES;
				DEBUG_INFORMATION_FORMAT = "dwarf-with-dsym";
				GCC_ENABLE_FIX_AND_CONTINUE = NO;
				GCC_PRECOMPILE_PREFIX_HEADER = YES;
				GCC_PREFIX_HEADER = "$(SYSTEM_LIBRARY_DIR)/Frameworks/UIKit.framework/Headers/UIKit.h";
				INFOPLIST_FILE = "Unit Tests-Info.plist";
				INSTALL_PATH = "$(HOME)/Applications";
				LIBRARY_SEARCH_PATHS = (
					"$(inherited)",
					"\"$(SRCROOT)/libGHUnitIPhone3_0-0.4.13\"",
				);
				OTHER_LDFLAGS = (
					"-lxml2",
					"-ObjC",
					"-all_load",
					"-framework",
					Foundation,
					"-framework",
					UIKit,
				);
				PREBINDING = NO;
				PRODUCT_NAME = "Unit Tests";
				SDKROOT = iphoneos3.1.2;
				ZERO_LINK = NO;
			};
			name = Release;
		};
/* End XCBuildConfiguration section */

/* Begin XCConfigurationList section */
		1D6058960D05DD3E006BFB54 /* Build configuration list for PBXNativeTarget "ChimpKit" */ = {
			isa = XCConfigurationList;
			buildConfigurations = (
				1D6058940D05DD3E006BFB54 /* Debug */,
				1D6058950D05DD3E006BFB54 /* Release */,
			);
			defaultConfigurationIsVisible = 0;
			defaultConfigurationName = Release;
		};
		C01FCF4E08A954540054247B /* Build configuration list for PBXProject "ChimpKit" */ = {
			isa = XCConfigurationList;
			buildConfigurations = (
				C01FCF4F08A954540054247B /* Debug */,
				C01FCF5008A954540054247B /* Release */,
			);
			defaultConfigurationIsVisible = 0;
			defaultConfigurationName = Release;
		};
		D4BB70FD111281DA00FD7C7F /* Build configuration list for PBXNativeTarget "Unit Tests" */ = {
			isa = XCConfigurationList;
			buildConfigurations = (
				D4BB70FB111281DA00FD7C7F /* Debug */,
				D4BB70FC111281DA00FD7C7F /* Release */,
			);
			defaultConfigurationIsVisible = 0;
			defaultConfigurationName = Release;
		};
/* End XCConfigurationList section */
	};
	rootObject = 29B97313FDCFA39411CA2CEA /* Project object */;
}
